{
  "name": "NamifyJS",
  "lockfileVersion": 2,
  "requires": true,
  "packages": {
    "": {
      "dependencies": {
        "express-list-routes": "^1.1.5"
      }
    },
    "node_modules/express-list-routes": {
      "version": "1.1.5",
      "resolved": "https://registry.npmjs.org/express-list-routes/-/express-list-routes-1.1.5.tgz",
      "integrity": "sha512-DUqJE9lxUmRSuw2Od/5C0vhlzvzcHFVo4fXat12fk6agAuxXGgO6cOQeq1/1sFBKzbjgSfMilT2CRJdYpcBh4g=="
    }
  },
  "dependencies": {
    "express-list-routes": {
      "version": "1.1.5",
      "resolved": "https://registry.npmjs.org/express-list-routes/-/express-list-routes-1.1.5.tgz",
      "integrity": "sha512-DUqJE9lxUmRSuw2Od/5C0vhlzvzcHFVo4fXat12fk6agAuxXGgO6cOQeq1/1sFBKzbjgSfMilT2CRJdYpcBh4g=="
    }
  }
}
